
Microsoft Visual Studio Solution File, Format Version 12.00
# Visual Studio 15
VisualStudioVersion = 15.0.27130.2027
MinimumVisualStudioVersion = 10.0.40219.1
Project("{9A19103F-16F7-4668-BE54-9A1E7A4F7556}") = "htmlanalysis", "htmlanalysis\htmlanalysis.csproj", "{02548DC1-0E8A-4BF7-AF88-C298A109521D}"
EndProject
Project("{9A19103F-16F7-4668-BE54-9A1E7A4F7556}") = "htmlanalysis-test", "htmlanalysis-test\htmlanalysis-test.csproj", "{826E590B-E4BC-410F-919B-8404C8C3D93D}"
EndProject
Global
	GlobalSection(SolutionConfigurationPlatforms) = preSolution
		Debug|Any CPU = Debug|Any CPU
		Release|Any CPU = Release|Any CPU
	EndGlobalSection
	GlobalSection(ProjectConfigurationPlatforms) = postSolution
		{02548DC1-0E8A-4BF7-AF88-C298A109521D}.Debug|Any CPU.ActiveCfg = Debug|Any CPU
		{02548DC1-0E8A-4BF7-AF88-C298A109521D}.Debug|Any CPU.Build.0 = Debug|Any CPU
		{02548DC1-0E8A-4BF7-AF88-C298A109521D}.Release|Any CPU.ActiveCfg = Release|Any CPU
		{02548DC1-0E8A-4BF7-AF88-C298A109521D}.Release|Any CPU.Build.0 = Release|Any CPU
		{826E590B-E4BC-410F-919B-8404C8C3D93D}.Debug|Any CPU.ActiveCfg = Debug|Any CPU
		{826E590B-E4BC-410F-919B-8404C8C3D93D}.Debug|Any CPU.Build.0 = Debug|Any CPU
		{826E590B-E4BC-410F-919B-8404C8C3D93D}.Release|Any CPU.ActiveCfg = Release|Any CPU
		{826E590B-E4BC-410F-919B-8404C8C3D93D}.Release|Any CPU.Build.0 = Release|Any CPU
	EndGlobalSection
	GlobalSection(SolutionProperties) = preSolution
		HideSolutionNode = FALSE
	EndGlobalSection
	GlobalSection(ExtensibilityGlobals) = postSolution
		SolutionGuid = {4E8EF3E2-415D-46A5-BA3D-60C3118218F1}
	EndGlobalSection
EndGlobal
